
Microsoft Visual Studio Solution File, Format Version 12.00
# Visual Studio Version 16
VisualStudioVersion = 25.0.1706.6
MinimumVisualStudioVersion = 10.0.40219.1
Project("{FAE04EC0-301F-11D3-BF4B-00C04F79EFBC}") = "WebUI", "WebUI\WebUI.csproj", "{BFEA6CF0-2B33-4F75-BB52-F93C41B4B5CF}"
EndProject
Global
	GlobalSection(SolutionConfigurationPlatforms) = preSolution
		Debug|Any CPU = Debug|Any CPU
		Release|Any CPU = Release|Any CPU
	EndGlobalSection
	GlobalSection(ProjectConfigurationPlatforms) = postSolution
		{BFEA6CF0-2B33-4F75-BB52-F93C41B4B5CF}.Debug|Any CPU.ActiveCfg = Debug|Any CPU
		{BFEA6CF0-2B33-4F75-BB52-F93C41B4B5CF}.Debug|Any CPU.Build.0 = Debug|Any CPU
		{BFEA6CF0-2B33-4F75-BB52-F93C41B4B5CF}.Release|Any CPU.ActiveCfg = Release|Any CPU
		{BFEA6CF0-2B33-4F75-BB52-F93C41B4B5CF}.Release|Any CPU.Build.0 = Release|Any CPU
	EndGlobalSection
	GlobalSection(SolutionProperties) = preSolution
		HideSolutionNode = FALSE
	EndGlobalSection
	GlobalSection(ExtensibilityGlobals) = postSolution
		SolutionGuid = {9443215A-2106-4789-A2D3-E4DF8CC42ECC}
	EndGlobalSection
EndGlobal
